
Microsoft Visual Studio Solution File, Format Version 12.00
# Visual Studio Version 17
VisualStudioVersion = 17.13.35931.197 d17.13
MinimumVisualStudioVersion = 10.0.40219.1
Project("{FAE04EC0-301F-11D3-BF4B-00C04F79EFBC}") = "Homework", "Homework\Homework.csproj", "{C51D2E5A-FFFF-4C23-A2D6-865CF9CDD00F}"
EndProject
Global
	GlobalSection(SolutionConfigurationPlatforms) = preSolution
		Debug|Any CPU = Debug|Any CPU
		Release|Any CPU = Release|Any CPU
	EndGlobalSection
	GlobalSection(ProjectConfigurationPlatforms) = postSolution
		{C51D2E5A-FFFF-4C23-A2D6-865CF9CDD00F}.Debug|Any CPU.ActiveCfg = Debug|Any CPU
		{C51D2E5A-FFFF-4C23-A2D6-865CF9CDD00F}.Debug|Any CPU.Build.0 = Debug|Any CPU
		{C51D2E5A-FFFF-4C23-A2D6-865CF9CDD00F}.Release|Any CPU.ActiveCfg = Release|Any CPU
		{C51D2E5A-FFFF-4C23-A2D6-865CF9CDD00F}.Release|Any CPU.Build.0 = Release|Any CPU
	EndGlobalSection
	GlobalSection(SolutionProperties) = preSolution
		HideSolutionNode = FALSE
	EndGlobalSection
	GlobalSection(ExtensibilityGlobals) = postSolution
		SolutionGuid = {C4863E27-3B99-4589-84CF-7AE57E881C5A}
	EndGlobalSection
EndGlobal
