
Microsoft Visual Studio Solution File, Format Version 12.00
# Visual Studio Version 17
VisualStudioVersion = 17.13.35931.197 d17.13
MinimumVisualStudioVersion = 10.0.40219.1
Project("{FAE04EC0-301F-11D3-BF4B-00C04F79EFBC}") = "HW1", "HW1\HW1.csproj", "{4E186528-2676-479D-8A59-7BA7F99E3B63}"
EndProject
Global
	GlobalSection(SolutionConfigurationPlatforms) = preSolution
		Debug|Any CPU = Debug|Any CPU
		Release|Any CPU = Release|Any CPU
	EndGlobalSection
	GlobalSection(ProjectConfigurationPlatforms) = postSolution
		{4E186528-2676-479D-8A59-7BA7F99E3B63}.Debug|Any CPU.ActiveCfg = Debug|Any CPU
		{4E186528-2676-479D-8A59-7BA7F99E3B63}.Debug|Any CPU.Build.0 = Debug|Any CPU
		{4E186528-2676-479D-8A59-7BA7F99E3B63}.Release|Any CPU.ActiveCfg = Release|Any CPU
		{4E186528-2676-479D-8A59-7BA7F99E3B63}.Release|Any CPU.Build.0 = Release|Any CPU
	EndGlobalSection
	GlobalSection(SolutionProperties) = preSolution
		HideSolutionNode = FALSE
	EndGlobalSection
	GlobalSection(ExtensibilityGlobals) = postSolution
		SolutionGuid = {5B24E9C2-E994-4EC6-8682-8D4A8A3B0BF4}
	EndGlobalSection
EndGlobal
